
Microsoft Visual Studio Solution File, Format Version 12.00
# Visual Studio Version 17
VisualStudioVersion = 17.3.32825.248
MinimumVisualStudioVersion = 10.0.40219.1
Project("{8BC9CEB8-8B4A-11D0-8D11-00A0C91BC942}") = "LRTQ", "LRTQ\LRTQ.vcxproj", "{CB5FB4B3-2E07-48A3-96CA-3420C4FC7DEA}"
EndProject
Global
	GlobalSection(SolutionConfigurationPlatforms) = preSolution
		Debug|x64 = Debug|x64
		Debug|x86 = Debug|x86
		Release|x64 = Release|x64
		Release|x86 = Release|x86
	EndGlobalSection
	GlobalSection(ProjectConfigurationPlatforms) = postSolution
		{CB5FB4B3-2E07-48A3-96CA-3420C4FC7DEA}.Debug|x64.ActiveCfg = Debug|x64
		{CB5FB4B3-2E07-48A3-96CA-3420C4FC7DEA}.Debug|x64.Build.0 = Debug|x64
		{CB5FB4B3-2E07-48A3-96CA-3420C4FC7DEA}.Debug|x86.ActiveCfg = Debug|Win32
		{CB5FB4B3-2E07-48A3-96CA-3420C4FC7DEA}.Debug|x86.Build.0 = Debug|Win32
		{CB5FB4B3-2E07-48A3-96CA-3420C4FC7DEA}.Release|x64.ActiveCfg = Release|x64
		{CB5FB4B3-2E07-48A3-96CA-3420C4FC7DEA}.Release|x64.Build.0 = Release|x64
		{CB5FB4B3-2E07-48A3-96CA-3420C4FC7DEA}.Release|x86.ActiveCfg = Release|Win32
		{CB5FB4B3-2E07-48A3-96CA-3420C4FC7DEA}.Release|x86.Build.0 = Release|Win32
	EndGlobalSection
	GlobalSection(SolutionProperties) = preSolution
		HideSolutionNode = FALSE
	EndGlobalSection
	GlobalSection(ExtensibilityGlobals) = postSolution
		SolutionGuid = {651A5DE6-9C46-4FD1-ACCA-B5F3DB90F2C9}
	EndGlobalSection
EndGlobal
